// !$*UTF8*$!
{
	archiveVersion = 1;
	classes = {
	};
	objectVersion = 50;
	objects = {

/* Begin PBXBuildFile section */
		9A8F9B97235119BB00FB0E8C /* AppDelegate.swift in Sources */ = {isa = PBXBuildFile; fileRef = 9A8F9B96235119BB00FB0E8C /* AppDelegate.swift */; };
		9A8F9B99235119BB00FB0E8C /* SceneDelegate.swift in Sources */ = {isa = PBXBuildFile; fileRef = 9A8F9B98235119BB00FB0E8C /* SceneDelegate.swift */; };
		9A8F9B9E235119BB00FB0E8C /* Main.storyboard in Resources */ = {isa = PBXBuildFile; fileRef = 9A8F9B9C235119BB00FB0E8C /* Main.storyboard */; };
		9A8F9BA1235119BB00FB0E8C /* Color_Picker.xcdatamodeld in Sources */ = {isa = PBXBuildFile; fileRef = 9A8F9B9F235119BB00FB0E8C /* Color_Picker.xcdatamodeld */; };
		9A8F9BA3235119BF00FB0E8C /* Assets.xcassets in Resources */ = {isa = PBXBuildFile; fileRef = 9A8F9BA2235119BF00FB0E8C /* Assets.xcassets */; };
		9A8F9BA6235119BF00FB0E8C /* LaunchScreen.storyboard in Resources */ = {isa = PBXBuildFile; fileRef = 9A8F9BA4235119BF00FB0E8C /* LaunchScreen.storyboard */; };
		9A8F9BB1235119C000FB0E8C /* Color_PickerUITests.swift in Sources */ = {isa = PBXBuildFile; fileRef = 9A8F9BB0235119C000FB0E8C /* Color_PickerUITests.swift */; };
		9A8F9BBC23511C5100FB0E8C /* ColorPickerViewController.swift in Sources */ = {isa = PBXBuildFile; fileRef = 9A8F9BBB23511C5100FB0E8C /* ColorPickerViewController.swift */; };
/* End PBXBuildFile section */

/* Begin PBXContainerItemProxy section */
		9A8F9BAD235119C000FB0E8C /* PBXContainerItemProxy */ = {
			isa = PBXContainerItemProxy;
			containerPortal = 9A8F9B8B235119BB00FB0E8C /* Project object */;
			proxyType = 1;
			remoteGlobalIDString = 9A8F9B92235119BB00FB0E8C;
			remoteInfo = "Color Picker";
		};
/* End PBXContainerItemProxy section */

/* Begin PBXFileReference section */
		9A8F9B93235119BB00FB0E8C /* Color Picker.app */ = {isa = PBXFileReference; explicitFileType = wrapper.application; includeInIndex = 0; path = "Color Picker.app"; sourceTree = BUILT_PRODUCTS_DIR; };
		9A8F9B96235119BB00FB0E8C /* AppDelegate.swift */ = {isa = PBXFileReference; lastKnownFileType = sourcecode.swift; path = AppDelegate.swift; sourceTree = "<group>"; };
		9A8F9B98235119BB00FB0E8C /* SceneDelegate.swift */ = {isa = PBXFileReference; lastKnownFileType = sourcecode.swift; path = SceneDelegate.swift; sourceTree = "<group>"; };
		9A8F9B9D235119BB00FB0E8C /* Base */ = {isa = PBXFileReference; lastKnownFileType = file.storyboard; name = Base; path = Base.lproj/Main.storyboard; sourceTree = "<group>"; };
		9A8F9BA0235119BB00FB0E8C /* Color_Picker.xcdatamodel */ = {isa = PBXFileReference; lastKnownFileType = wrapper.xcdatamodel; path = Color_Picker.xcdatamodel; sourceTree = "<group>"; };
		9A8F9BA2235119BF00FB0E8C /* Assets.xcassets */ = {isa = PBXFileReference; lastKnownFileType = folder.assetcatalog; path = Assets.xcassets; sourceTree = "<group>"; };
		9A8F9BA5235119BF00FB0E8C /* Base */ = {isa = PBXFileReference; lastKnownFileType = file.storyboard; name = Base; path = Base.lproj/LaunchScreen.storyboard; sourceTree = "<group>"; };
		9A8F9BA7235119BF00FB0E8C /* Info.plist */ = {isa = PBXFileReference; lastKnownFileType = text.plist.xml; path = Info.plist; sourceTree = "<group>"; };
		9A8F9BAC235119C000FB0E8C /* Color PickerUITests.xctest */ = {isa = PBXFileReference; explicitFileType = wrapper.cfbundle; includeInIndex = 0; path = "Color PickerUITests.xctest"; sourceTree = BUILT_PRODUCTS_DIR; };
		9A8F9BB0235119C000FB0E8C /* Color_PickerUITests.swift */ = {isa = PBXFileReference; lastKnownFileType = sourcecode.swift; path = Color_PickerUITests.swift; sourceTree = "<group>"; };
		9A8F9BB2235119C000FB0E8C /* Info.plist */ = {isa = PBXFileReference; lastKnownFileType = text.plist.xml; path = Info.plist; sourceTree = "<group>"; };
		9A8F9BBB23511C5100FB0E8C /* ColorPickerViewController.swift */ = {isa = PBXFileReference; lastKnownFileType = sourcecode.swift; path = ColorPickerViewController.swift; sourceTree = "<group>"; };
/* End PBXFileReference section */

/* Begin PBXFrameworksBuildPhase section */
		9A8F9B90235119BB00FB0E8C /* Frameworks */ = {
			isa = PBXFrameworksBuildPhase;
			buildActionMask = 2147483647;
			files = (
			);
			runOnlyForDeploymentPostprocessing = 0;
		};
		9A8F9BA9235119C000FB0E8C /* Frameworks */ = {
			isa = PBXFrameworksBuildPhase;
			buildActionMask = 2147483647;
			files = (
			);
			runOnlyForDeploymentPostprocessing = 0;
		};
/* End PBXFrameworksBuildPhase section */

/* Begin PBXGroup section */
		9A8F9B8A235119BB00FB0E8C = {
			isa = PBXGroup;
			children = (
				9A8F9B95235119BB00FB0E8C /* Color Picker */,
				9A8F9BAF235119C000FB0E8C /* Color PickerUITests */,
				9A8F9B94235119BB00FB0E8C /* Products */,
			);
			sourceTree = "<group>";
		};
		9A8F9B94235119BB00FB0E8C /* Products */ = {
			isa = PBXGroup;
			children = (
				9A8F9B93235119BB00FB0E8C /* Color Picker.app */,
				9A8F9BAC235119C000FB0E8C /* Color PickerUITests.xctest */,
			);
			name = Products;
			sourceTree = "<group>";
		};
		9A8F9B95235119BB00FB0E8C /* Color Picker */ = {
			isa = PBXGroup;
			children = (
				9A8F9B96235119BB00FB0E8C /* AppDelegate.swift */,
				9A8F9B98235119BB00FB0E8C /* SceneDelegate.swift */,
				9A8F9BBB23511C5100FB0E8C /* ColorPickerViewController.swift */,
				9A8F9B9C235119BB00FB0E8C /* Main.storyboard */,
				9A8F9BA2235119BF00FB0E8C /* Assets.xcassets */,
				9A8F9BA4235119BF00FB0E8C /* LaunchScreen.storyboard */,
				9A8F9BA7235119BF00FB0E8C /* Info.plist */,
				9A8F9B9F235119BB00FB0E8C /* Color_Picker.xcdatamodeld */,
			);
			path = "Color Picker";
			sourceTree = "<group>";
		};
		9A8F9BAF235119C000FB0E8C /* Color PickerUITests */ = {
			isa = PBXGroup;
			children = (
				9A8F9BB0235119C000FB0E8C /* Color_PickerUITests.swift */,
				9A8F9BB2235119C000FB0E8C /* Info.plist */,
			);
			path = "Color PickerUITests";
			sourceTree = "<group>";
		};
/* End PBXGroup section */

/* Begin PBXNativeTarget section */
		9A8F9B92235119BB00FB0E8C /* Color Picker */ = {
			isa = PBXNativeTarget;
			buildConfigurationList = 9A8F9BB5235119C000FB0E8C /* Build configuration list for PBXNativeTarget "Color Picker" */;
			buildPhases = (
				9A8F9B8F235119BB00FB0E8C /* Sources */,
				9A8F9B90235119BB00FB0E8C /* Frameworks */,
				9A8F9B91235119BB00FB0E8C /* Resources */,
			);
			buildRules = (
			);
			dependencies = (
			);
			name = "Color Picker";
			productName = "Color Picker";
			productReference = 9A8F9B93235119BB00FB0E8C /* Color Picker.app */;
			productType = "com.apple.product-type.application";
		};
		9A8F9BAB235119C000FB0E8C /* Color PickerUITests */ = {
			isa = PBXNativeTarget;
			buildConfigurationList = 9A8F9BB8235119C000FB0E8C /* Build configuration list for PBXNativeTarget "Color PickerUITests" */;
			buildPhases = (
				9A8F9BA8235119C000FB0E8C /* Sources */,
				9A8F9BA9235119C000FB0E8C /* Frameworks */,
				9A8F9BAA235119C000FB0E8C /* Resources */,
			);
			buildRules = (
			);
			dependencies = (
				9A8F9BAE235119C000FB0E8C /* PBXTargetDependency */,
			);
			name = "Color PickerUITests";
			productName = "Color PickerUITests";
			productReference = 9A8F9BAC235119C000FB0E8C /* Color PickerUITests.xctest */;
			productType = "com.apple.product-type.bundle.ui-testing";
		};
/* End PBXNativeTarget section */

/* Begin PBXProject section */
		9A8F9B8B235119BB00FB0E8C /* Project object */ = {
			isa = PBXProject;
			attributes = {
				LastSwiftUpdateCheck = 1110;
				LastUpgradeCheck = 1110;
				ORGANIZATIONNAME = "Grant Harrison";
				TargetAttributes = {
					9A8F9B92235119BB00FB0E8C = {
						CreatedOnToolsVersion = 11.1;
					};
					9A8F9BAB235119C000FB0E8C = {
						CreatedOnToolsVersion = 11.1;
						TestTargetID = 9A8F9B92235119BB00FB0E8C;
					};
				};
			};
			buildConfigurationList = 9A8F9B8E235119BB00FB0E8C /* Build configuration list for PBXProject "Color Picker" */;
			compatibilityVersion = "Xcode 9.3";
			developmentRegion = en;
			hasScannedForEncodings = 0;
			knownRegions = (
				en,
				Base,
			);
			mainGroup = 9A8F9B8A235119BB00FB0E8C;
			productRefGroup = 9A8F9B94235119BB00FB0E8C /* Products */;
			projectDirPath = "";
			projectRoot = "";
			targets = (
				9A8F9B92235119BB00FB0E8C /* Color Picker */,
				9A8F9BAB235119C000FB0E8C /* Color PickerUITests */,
			);
		};
/* End PBXProject section */

/* Begin PBXResourcesBuildPhase section */
		9A8F9B91235119BB00FB0E8C /* Resources */ = {
			isa = PBXResourcesBuildPhase;
			buildActionMask = 2147483647;
			files = (
				9A8F9BA6235119BF00FB0E8C /* LaunchScreen.storyboard in Resources */,
				9A8F9BA3235119BF00FB0E8C /* Assets.xcassets in Resources */,
				9A8F9B9E235119BB00FB0E8C /* Main.storyboard in Resources */,
			);
			runOnlyForDeploymentPostprocessing = 0;
		};
		9A8F9BAA235119C000FB0E8C /* Resources */ = {
			isa = PBXResourcesBuildPhase;
			buildActionMask = 2147483647;
			files = (
			);
			runOnlyForDeploymentPostprocessing = 0;
		};
/* End PBXResourcesBuildPhase section */

/* Begin PBXSourcesBuildPhase section */
		9A8F9B8F235119BB00FB0E8C /* Sources */ = {
			isa = PBXSourcesBuildPhase;
			buildActionMask = 2147483647;
			files = (
				9A8F9BBC23511C5100FB0E8C /* ColorPickerViewController.swift in Sources */,
				9A8F9BA1235119BB00FB0E8C /* Color_Picker.xcdatamodeld in Sources */,
				9A8F9B97235119BB00FB0E8C /* AppDelegate.swift in Sources */,
				9A8F9B99235119BB00FB0E8C /* SceneDelegate.swift in Sources */,
			);
			runOnlyForDeploymentPostprocessing = 0;
		};
		9A8F9BA8235119C000FB0E8C /* Sources */ = {
			isa = PBXSourcesBuildPhase;
			buildActionMask = 2147483647;
			files = (
				9A8F9BB1235119C000FB0E8C /* Color_PickerUITests.swift in Sources */,
			);
			runOnlyForDeploymentPostprocessing = 0;
		};
/* End PBXSourcesBuildPhase section */

/* Begin PBXTargetDependency section */
		9A8F9BAE235119C000FB0E8C /* PBXTargetDependency */ = {
			isa = PBXTargetDependency;
			target = 9A8F9B92235119BB00FB0E8C /* Color Picker */;
			targetProxy = 9A8F9BAD235119C000FB0E8C /* PBXContainerItemProxy */;
		};
/* End PBXTargetDependency section */

/* Begin PBXVariantGroup section */
		9A8F9B9C235119BB00FB0E8C /* Main.storyboard */ = {
			isa = PBXVariantGroup;
			children = (
				9A8F9B9D235119BB00FB0E8C /* Base */,
			);
			name = Main.storyboard;
			sourceTree = "<group>";
		};
		9A8F9BA4235119BF00FB0E8C /* LaunchScreen.storyboard */ = {
			isa = PBXVariantGroup;
			children = (
				9A8F9BA5235119BF00FB0E8C /* Base */,
			);
			name = LaunchScreen.storyboard;
			sourceTree = "<group>";
		};
/* End PBXVariantGroup section */

/* Begin XCBuildConfiguration section */
		9A8F9BB3235119C000FB0E8C /* Debug */ = {
			isa = XCBuildConfiguration;
			buildSettings = {
				ALWAYS_SEARCH_USER_PATHS = NO;
				CLANG_ANALYZER_NONNULL = YES;
				CLANG_ANALYZER_NUMBER_OBJECT_CONVERSION = YES_AGGRESSIVE;
				CLANG_CXX_LANGUAGE_STANDARD = "gnu++14";
				CLANG_CXX_LIBRARY = "libc++";
				CLANG_ENABLE_MODULES = YES;
				CLANG_ENABLE_OBJC_ARC = YES;
				CLANG_ENABLE_OBJC_WEAK = YES;
				CLANG_WARN_BLOCK_CAPTURE_AUTORELEASING = YES;
				CLANG_WARN_BOOL_CONVERSION = YES;
				CLANG_WARN_COMMA = YES;
				CLANG_WARN_CONSTANT_CONVERSION = YES;
				CLANG_WARN_DEPRECATED_OBJC_IMPLEMENTATIONS = YES;
				CLANG_WARN_DIRECT_OBJC_ISA_USAGE = YES_ERROR;
				CLANG_WARN_DOCUMENTATION_COMMENTS = YES;
				CLANG_WARN_EMPTY_BODY = YES;
				CLANG_WARN_ENUM_CONVERSION = YES;
				CLANG_WARN_INFINITE_RECURSION = YES;
				CLANG_WARN_INT_CONVERSION = YES;
				CLANG_WARN_NON_LITERAL_NULL_CONVERSION = YES;
				CLANG_WARN_OBJC_IMPLICIT_RETAIN_SELF = YES;
				CLANG_WARN_OBJC_LITERAL_CONVERSION = YES;
				CLANG_WARN_OBJC_ROOT_CLASS = YES_ERROR;
				CLANG_WARN_RANGE_LOOP_ANALYSIS = YES;
				CLANG_WARN_STRICT_PROTOTYPES = YES;
				CLANG_WARN_SUSPICIOUS_MOVE = YES;
				CLANG_WARN_UNGUARDED_AVAILABILITY = YES_AGGRESSIVE;
				CLANG_WARN_UNREACHABLE_CODE = YES;
				CLANG_WARN__DUPLICATE_METHOD_MATCH = YES;
				COPY_PHASE_STRIP = NO;
				DEBUG_INFORMATION_FORMAT = dwarf;
				ENABLE_STRICT_OBJC_MSGSEND = YES;
				ENABLE_TESTABILITY = YES;
				GCC_C_LANGUAGE_STANDARD = gnu11;
				GCC_DYNAMIC_NO_PIC = NO;
				GCC_NO_COMMON_BLOCKS = YES;
				GCC_OPTIMIZATION_LEVEL = 0;
				GCC_PREPROCESSOR_DEFINITIONS = (
					"DEBUG=1",
					"$(inherited)",
				);
				GCC_WARN_64_TO_32_BIT_CONVERSION = YES;
				GCC_WARN_ABOUT_RETURN_TYPE = YES_ERROR;
				GCC_WARN_UNDECLARED_SELECTOR = YES;
				GCC_WARN_UNINITIALIZED_AUTOS = YES_AGGRESSIVE;
				GCC_WARN_UNUSED_FUNCTION = YES;
				GCC_WARN_UNUSED_VARIABLE = YES;
				IPHONEOS_DEPLOYMENT_TARGET = 13.1;
				MTL_ENABLE_DEBUG_INFO = INCLUDE_SOURCE;
				MTL_FAST_MATH = YES;
				ONLY_ACTIVE_ARCH = YES;
				SDKROOT = iphoneos;
				SWIFT_ACTIVE_COMPILATION_CONDITIONS = DEBUG;
				SWIFT_OPTIMIZATION_LEVEL = "-Onone";
			};
			name = Debug;
		};
		9A8F9BB4235119C000FB0E8C /* Release */ = {
			isa = XCBuildConfiguration;
			buildSettings = {
				ALWAYS_SEARCH_USER_PATHS = NO;
				CLANG_ANALYZER_NONNULL = YES;
				CLANG_ANALYZER_NUMBER_OBJECT_CONVERSION = YES_AGGRESSIVE;
				CLANG_CXX_LANGUAGE_STANDARD = "gnu++14";
				CLANG_CXX_LIBRARY = "libc++";
				CLANG_ENABLE_MODULES = YES;
				CLANG_ENABLE_OBJC_ARC = YES;
				CLANG_ENABLE_OBJC_WEAK = YES;
				CLANG_WARN_BLOCK_CAPTURE_AUTORELEASING = YES;
				CLANG_WARN_BOOL_CONVERSION = YES;
				CLANG_WARN_COMMA = YES;
				CLANG_WARN_CONSTANT_CONVERSION = YES;
				CLANG_WARN_DEPRECATED_OBJC_IMPLEMENTATIONS = YES;
				CLANG_WARN_DIRECT_OBJC_ISA_USAGE = YES_ERROR;
				CLANG_WARN_DOCUMENTATION_COMMENTS = YES;
				CLANG_WARN_EMPTY_BODY = YES;
				CLANG_WARN_ENUM_CONVERSION = YES;
				CLANG_WARN_INFINITE_RECURSION = YES;
				CLANG_WARN_INT_CONVERSION = YES;
				CLANG_WARN_NON_LITERAL_NULL_CONVERSION = YES;
				CLANG_WARN_OBJC_IMPLICIT_RETAIN_SELF = YES;
				CLANG_WARN_OBJC_LITERAL_CONVERSION = YES;
				CLANG_WARN_OBJC_ROOT_CLASS = YES_ERROR;
				CLANG_WARN_RANGE_LOOP_ANALYSIS = YES;
				CLANG_WARN_STRICT_PROTOTYPES = YES;
				CLANG_WARN_SUSPICIOUS_MOVE = YES;
				CLANG_WARN_UNGUARDED_AVAILABILITY = YES_AGGRESSIVE;
				CLANG_WARN_UNREACHABLE_CODE = YES;
				CLANG_WARN__DUPLICATE_METHOD_MATCH = YES;
				COPY_PHASE_STRIP = NO;
				DEBUG_INFORMATION_FORMAT = "dwarf-with-dsym";
				ENABLE_NS_ASSERTIONS = NO;
				ENABLE_STRICT_OBJC_MSGSEND = YES;
				GCC_C_LANGUAGE_STANDARD = gnu11;
				GCC_NO_COMMON_BLOCKS = YES;
				GCC_WARN_64_TO_32_BIT_CONVERSION = YES;
				GCC_WARN_ABOUT_RETURN_TYPE = YES_ERROR;
				GCC_WARN_UNDECLARED_SELECTOR = YES;
				GCC_WARN_UNINITIALIZED_AUTOS = YES_AGGRESSIVE;
				GCC_WARN_UNUSED_FUNCTION = YES;
				GCC_WARN_UNUSED_VARIABLE = YES;
				IPHONEOS_DEPLOYMENT_TARGET = 13.1;
				MTL_ENABLE_DEBUG_INFO = NO;
				MTL_FAST_MATH = YES;
				SDKROOT = iphoneos;
				SWIFT_COMPILATION_MODE = wholemodule;
				SWIFT_OPTIMIZATION_LEVEL = "-O";
				VALIDATE_PRODUCT = YES;
			};
			name = Release;
		};
		9A8F9BB6235119C000FB0E8C /* Debug */ = {
			isa = XCBuildConfiguration;
			buildSettings = {
				ASSETCATALOG_COMPILER_APPICON_NAME = AppIcon;
				CODE_SIGN_STYLE = Automatic;
				DEVELOPMENT_TEAM = 3T3T8J4T3X;
				INFOPLIST_FILE = "Color Picker/Info.plist";
				LD_RUNPATH_SEARCH_PATHS = (
					"$(inherited)",
					"@executable_path/Frameworks",
				);
				PRODUCT_BUNDLE_IDENTIFIER = "com.grantharrison.Color-Picker";
				PRODUCT_NAME = "$(TARGET_NAME)";
				SWIFT_VERSION = 5.0;
				TARGETED_DEVICE_FAMILY = "1,2";
			};
			name = Debug;
		};
		9A8F9BB7235119C000FB0E8C /* Release */ = {
			isa = XCBuildConfiguration;
			buildSettings = {
				ASSETCATALOG_COMPILER_APPICON_NAME = AppIcon;
				CODE_SIGN_STYLE = Automatic;
				DEVELOPMENT_TEAM = 3T3T8J4T3X;
				INFOPLIST_FILE = "Color Picker/Info.plist";
				LD_RUNPATH_SEARCH_PATHS = (
					"$(inherited)",
					"@executable_path/Frameworks",
				);
				PRODUCT_BUNDLE_IDENTIFIER = "com.grantharrison.Color-Picker";
				PRODUCT_NAME = "$(TARGET_NAME)";
				SWIFT_VERSION = 5.0;
				TARGETED_DEVICE_FAMILY = "1,2";
			};
			name = Release;
		};
		9A8F9BB9235119C000FB0E8C /* Debug */ = {
			isa = XCBuildConfiguration;
			buildSettings = {
				ALWAYS_EMBED_SWIFT_STANDARD_LIBRARIES = YES;
				CODE_SIGN_STYLE = Automatic;
				DEVELOPMENT_TEAM = 3T3T8J4T3X;
				INFOPLIST_FILE = "Color PickerUITests/Info.plist";
				LD_RUNPATH_SEARCH_PATHS = (
					"$(inherited)",
					"@executable_path/Frameworks",
					"@loader_path/Frameworks",
				);
				PRODUCT_BUNDLE_IDENTIFIER = "com.grantharrison.Color-PickerUITests";
				PRODUCT_NAME = "$(TARGET_NAME)";
				SWIFT_VERSION = 5.0;
				TARGETED_DEVICE_FAMILY = "1,2";
				TEST_TARGET_NAME = "Color Picker";
			};
			name = Debug;
		};
		9A8F9BBA235119C000FB0E8C /* Release */ = {
			isa = XCBuildConfiguration;
			buildSettings = {
				ALWAYS_EMBED_SWIFT_STANDARD_LIBRARIES = YES;
				CODE_SIGN_STYLE = Automatic;
				DEVELOPMENT_TEAM = 3T3T8J4T3X;
				INFOPLIST_FILE = "Color PickerUITests/Info.plist";
				LD_RUNPATH_SEARCH_PATHS = (
					"$(inherited)",
					"@executable_path/Frameworks",
					"@loader_path/Frameworks",
				);
				PRODUCT_BUNDLE_IDENTIFIER = "com.grantharrison.Color-PickerUITests";
				PRODUCT_NAME = "$(TARGET_NAME)";
				SWIFT_VERSION = 5.0;
				TARGETED_DEVICE_FAMILY = "1,2";
				TEST_TARGET_NAME = "Color Picker";
			};
			name = Release;
		};
/* End XCBuildConfiguration section */

/* Begin XCConfigurationList section */
		9A8F9B8E235119BB00FB0E8C /* Build configuration list for PBXProject "Color Picker" */ = {
			isa = XCConfigurationList;
			buildConfigurations = (
				9A8F9BB3235119C000FB0E8C /* Debug */,
				9A8F9BB4235119C000FB0E8C /* Release */,
			);
			defaultConfigurationIsVisible = 0;
			defaultConfigurationName = Release;
		};
		9A8F9BB5235119C000FB0E8C /* Build configuration list for PBXNativeTarget "Color Picker" */ = {
			isa = XCConfigurationList;
			buildConfigurations = (
				9A8F9BB6235119C000FB0E8C /* Debug */,
				9A8F9BB7235119C000FB0E8C /* Release */,
			);
			defaultConfigurationIsVisible = 0;
			defaultConfigurationName = Release;
		};
		9A8F9BB8235119C000FB0E8C /* Build configuration list for PBXNativeTarget "Color PickerUITests" */ = {
			isa = XCConfigurationList;
			buildConfigurations = (
				9A8F9BB9235119C000FB0E8C /* Debug */,
				9A8F9BBA235119C000FB0E8C /* Release */,
			);
			defaultConfigurationIsVisible = 0;
			defaultConfigurationName = Release;
		};
/* End XCConfigurationList section */

/* Begin XCVersionGroup section */
		9A8F9B9F235119BB00FB0E8C /* Color_Picker.xcdatamodeld */ = {
			isa = XCVersionGroup;
			children = (
				9A8F9BA0235119BB00FB0E8C /* Color_Picker.xcdatamodel */,
			);
			currentVersion = 9A8F9BA0235119BB00FB0E8C /* Color_Picker.xcdatamodel */;
			path = Color_Picker.xcdatamodeld;
			sourceTree = "<group>";
			versionGroupType = wrapper.xcdatamodel;
		};
/* End XCVersionGroup section */
	};
	rootObject = 9A8F9B8B235119BB00FB0E8C /* Project object */;
}
